
Microsoft Visual Studio Solution File, Format Version 12.00
# Visual Studio Version 17
VisualStudioVersion = 17.7.34221.43
MinimumVisualStudioVersion = 10.0.40219.1
Project("{FAE04EC0-301F-11D3-BF4B-00C04F79EFBC}") = "BTNew", "BTNew\BTNew.csproj", "{24FB6B42-2681-4183-96F2-A0FBFA37CB4E}"
EndProject
Project("{FAE04EC0-301F-11D3-BF4B-00C04F79EFBC}") = "ContextMenu", "D:\University\WinformCSharp\ContextMenu\ContextMenu.csproj", "{1C5E9840-B895-4B38-A301-0CAB8A7B3DDB}"
EndProject
Project("{FAE04EC0-301F-11D3-BF4B-00C04F79EFBC}") = "Menu", "D:\University\WinformCSharp\MenuAndContextMenu\Menu.csproj", "{694DD085-F14E-42AA-BF79-1C3945D84F9A}"
EndProject
Project("{FAE04EC0-301F-11D3-BF4B-00C04F79EFBC}") = "Timer", "D:\University\WinformCSharp\Timer\Timer.csproj", "{8299F39E-C5D9-4E0C-AD94-9A62E76212BC}"
EndProject
Project("{FAE04EC0-301F-11D3-BF4B-00C04F79EFBC}") = "ToolBar", "D:\University\WinformCSharp\ToolBar\ToolBar.csproj", "{1AC5D36B-83A1-416D-937E-10CA9F1EA494}"
EndProject
Project("{FAE04EC0-301F-11D3-BF4B-00C04F79EFBC}") = "ListViewDisplay", "ListvIEW\ListViewDisplay.csproj", "{D7099AF4-E131-42E0-A3B8-54DA59BAF9E0}"
EndProject
Project("{FAE04EC0-301F-11D3-BF4B-00C04F79EFBC}") = "ListViewCode", "ListViewCode\ListViewCode.csproj", "{5372EBC5-27D6-4CB7-85C1-EDE94F0F7A4E}"
EndProject
Project("{FAE04EC0-301F-11D3-BF4B-00C04F79EFBC}") = "BTVDListView", "BTVDListView\BTVDListView.csproj", "{7CED9B99-C18A-46CD-BABE-F7D1FE93A934}"
EndProject
Project("{FAE04EC0-301F-11D3-BF4B-00C04F79EFBC}") = "DataGridView", "DataGridView\DataGridView.csproj", "{BE59B7DD-BB09-4341-9F68-7BCD75B5D1CC}"
EndProject
Global
	GlobalSection(SolutionConfigurationPlatforms) = preSolution
		Debug|Any CPU = Debug|Any CPU
		Release|Any CPU = Release|Any CPU
	EndGlobalSection
	GlobalSection(ProjectConfigurationPlatforms) = postSolution
		{24FB6B42-2681-4183-96F2-A0FBFA37CB4E}.Debug|Any CPU.ActiveCfg = Debug|Any CPU
		{24FB6B42-2681-4183-96F2-A0FBFA37CB4E}.Debug|Any CPU.Build.0 = Debug|Any CPU
		{24FB6B42-2681-4183-96F2-A0FBFA37CB4E}.Release|Any CPU.ActiveCfg = Release|Any CPU
		{24FB6B42-2681-4183-96F2-A0FBFA37CB4E}.Release|Any CPU.Build.0 = Release|Any CPU
		{1C5E9840-B895-4B38-A301-0CAB8A7B3DDB}.Debug|Any CPU.ActiveCfg = Debug|Any CPU
		{1C5E9840-B895-4B38-A301-0CAB8A7B3DDB}.Debug|Any CPU.Build.0 = Debug|Any CPU
		{1C5E9840-B895-4B38-A301-0CAB8A7B3DDB}.Release|Any CPU.ActiveCfg = Release|Any CPU
		{1C5E9840-B895-4B38-A301-0CAB8A7B3DDB}.Release|Any CPU.Build.0 = Release|Any CPU
		{694DD085-F14E-42AA-BF79-1C3945D84F9A}.Debug|Any CPU.ActiveCfg = Debug|Any CPU
		{694DD085-F14E-42AA-BF79-1C3945D84F9A}.Debug|Any CPU.Build.0 = Debug|Any CPU
		{694DD085-F14E-42AA-BF79-1C3945D84F9A}.Release|Any CPU.ActiveCfg = Release|Any CPU
		{694DD085-F14E-42AA-BF79-1C3945D84F9A}.Release|Any CPU.Build.0 = Release|Any CPU
		{8299F39E-C5D9-4E0C-AD94-9A62E76212BC}.Debug|Any CPU.ActiveCfg = Debug|Any CPU
		{8299F39E-C5D9-4E0C-AD94-9A62E76212BC}.Debug|Any CPU.Build.0 = Debug|Any CPU
		{8299F39E-C5D9-4E0C-AD94-9A62E76212BC}.Release|Any CPU.ActiveCfg = Release|Any CPU
		{8299F39E-C5D9-4E0C-AD94-9A62E76212BC}.Release|Any CPU.Build.0 = Release|Any CPU
		{1AC5D36B-83A1-416D-937E-10CA9F1EA494}.Debug|Any CPU.ActiveCfg = Debug|Any CPU
		{1AC5D36B-83A1-416D-937E-10CA9F1EA494}.Debug|Any CPU.Build.0 = Debug|Any CPU
		{1AC5D36B-83A1-416D-937E-10CA9F1EA494}.Release|Any CPU.ActiveCfg = Release|Any CPU
		{1AC5D36B-83A1-416D-937E-10CA9F1EA494}.Release|Any CPU.Build.0 = Release|Any CPU
		{D7099AF4-E131-42E0-A3B8-54DA59BAF9E0}.Debug|Any CPU.ActiveCfg = Debug|Any CPU
		{D7099AF4-E131-42E0-A3B8-54DA59BAF9E0}.Debug|Any CPU.Build.0 = Debug|Any CPU
		{D7099AF4-E131-42E0-A3B8-54DA59BAF9E0}.Release|Any CPU.ActiveCfg = Release|Any CPU
		{D7099AF4-E131-42E0-A3B8-54DA59BAF9E0}.Release|Any CPU.Build.0 = Release|Any CPU
		{5372EBC5-27D6-4CB7-85C1-EDE94F0F7A4E}.Debug|Any CPU.ActiveCfg = Debug|Any CPU
		{5372EBC5-27D6-4CB7-85C1-EDE94F0F7A4E}.Debug|Any CPU.Build.0 = Debug|Any CPU
		{5372EBC5-27D6-4CB7-85C1-EDE94F0F7A4E}.Release|Any CPU.ActiveCfg = Release|Any CPU
		{5372EBC5-27D6-4CB7-85C1-EDE94F0F7A4E}.Release|Any CPU.Build.0 = Release|Any CPU
		{7CED9B99-C18A-46CD-BABE-F7D1FE93A934}.Debug|Any CPU.ActiveCfg = Debug|Any CPU
		{7CED9B99-C18A-46CD-BABE-F7D1FE93A934}.Debug|Any CPU.Build.0 = Debug|Any CPU
		{7CED9B99-C18A-46CD-BABE-F7D1FE93A934}.Release|Any CPU.ActiveCfg = Release|Any CPU
		{7CED9B99-C18A-46CD-BABE-F7D1FE93A934}.Release|Any CPU.Build.0 = Release|Any CPU
		{BE59B7DD-BB09-4341-9F68-7BCD75B5D1CC}.Debug|Any CPU.ActiveCfg = Debug|Any CPU
		{BE59B7DD-BB09-4341-9F68-7BCD75B5D1CC}.Debug|Any CPU.Build.0 = Debug|Any CPU
		{BE59B7DD-BB09-4341-9F68-7BCD75B5D1CC}.Release|Any CPU.ActiveCfg = Release|Any CPU
		{BE59B7DD-BB09-4341-9F68-7BCD75B5D1CC}.Release|Any CPU.Build.0 = Release|Any CPU
	EndGlobalSection
	GlobalSection(SolutionProperties) = preSolution
		HideSolutionNode = FALSE
	EndGlobalSection
	GlobalSection(ExtensibilityGlobals) = postSolution
		SolutionGuid = {3B2CCCA9-07FC-4A2C-98E5-013C71C9B091}
	EndGlobalSection
EndGlobal
