
Microsoft Visual Studio Solution File, Format Version 12.00
# Visual Studio Version 17
VisualStudioVersion = 17.7.34221.43
MinimumVisualStudioVersion = 10.0.40219.1
Project("{FAE04EC0-301F-11D3-BF4B-00C04F79EFBC}") = "ListViewDisplay", "ListViewDisplay.csproj", "{D7099AF4-E131-42E0-A3B8-54DA59BAF9E0}"
EndProject
Global
	GlobalSection(SolutionConfigurationPlatforms) = preSolution
		Debug|Any CPU = Debug|Any CPU
		Release|Any CPU = Release|Any CPU
	EndGlobalSection
	GlobalSection(ProjectConfigurationPlatforms) = postSolution
		{D7099AF4-E131-42E0-A3B8-54DA59BAF9E0}.Debug|Any CPU.ActiveCfg = Debug|Any CPU
		{D7099AF4-E131-42E0-A3B8-54DA59BAF9E0}.Debug|Any CPU.Build.0 = Debug|Any CPU
		{D7099AF4-E131-42E0-A3B8-54DA59BAF9E0}.Release|Any CPU.ActiveCfg = Release|Any CPU
		{D7099AF4-E131-42E0-A3B8-54DA59BAF9E0}.Release|Any CPU.Build.0 = Release|Any CPU
	EndGlobalSection
	GlobalSection(SolutionProperties) = preSolution
		HideSolutionNode = FALSE
	EndGlobalSection
	GlobalSection(ExtensibilityGlobals) = postSolution
		SolutionGuid = {E8C5DE20-FBBB-46AE-BCB4-C1BDB9C14AC2}
	EndGlobalSection
EndGlobal
